
Microsoft Visual Studio Solution File, Format Version 10.00
# Visual Studio 2008
Project("{FAE04EC0-301F-11D3-BF4B-00C04F79EFBC}") = "ResurgenceTools", "ResurgenceTools\ResurgenceTools.csproj", "{09104D34-9DA0-48AB-BC1C-61F78D7171E9}"
	ProjectSection(ProjectDependencies) = postProject
		{610B3C04-C0AB-48CB-8821-17C0676E3FAE} = {610B3C04-C0AB-48CB-8821-17C0676E3FAE}
	EndProjectSection
EndProject
Project("{FAE04EC0-301F-11D3-BF4B-00C04F79EFBC}") = "ResurgenceLib", "ResurgenceLib\ResurgenceLib.csproj", "{D35E56E2-970D-4EE2-8C81-FE7E53EA1EC6}"
EndProject
Project("{FAE04EC0-301F-11D3-BF4B-00C04F79EFBC}") = "TestTool", "TestTool\TestTool.csproj", "{610B3C04-C0AB-48CB-8821-17C0676E3FAE}"
EndProject
Project("{FAE04EC0-301F-11D3-BF4B-00C04F79EFBC}") = "Tests", "Tests\Tests.csproj", "{CA7A808B-BE80-47A7-B643-17352F6C2C52}"
EndProject
Project("{FAE04EC0-301F-11D3-BF4B-00C04F79EFBC}") = "TestVMEX", "TestVMEX\TestVMEX.csproj", "{8665673E-0042-4B51-8B16-544145781B95}"
EndProject
Project("{2150E333-8FDC-42A3-9474-1A3956D46DE8}") = "Test Projects", "Test Projects", "{79988244-BD24-4DCA-A522-3D95ECCAEE49}"
EndProject
Project("{2150E333-8FDC-42A3-9474-1A3956D46DE8}") = "Core Projects", "Core Projects", "{19DE8606-B731-4A85-B594-1055DD200E5E}"
EndProject
Project("{FAE04EC0-301F-11D3-BF4B-00C04F79EFBC}") = "XMLTableTest", "XMLTableTest\XMLTableTest.csproj", "{8EBC31FF-2D8B-4163-8246-72A6B075A223}"
EndProject
Project("{54435603-DBB4-11D2-8724-00A0C9A8B90C}") = "Resurgence_Setup", "Setup_Beta\Setup_Beta.vdproj", "{8B95250F-4CFC-4BC5-B939-87D932A18034}"
	ProjectSection(ProjectDependencies) = postProject
		{D35E56E2-970D-4EE2-8C81-FE7E53EA1EC6} = {D35E56E2-970D-4EE2-8C81-FE7E53EA1EC6}
	EndProjectSection
EndProject
Project("{FAE04EC0-301F-11D3-BF4B-00C04F79EFBC}") = "RunMapFix", "RunMapFix\RunMapFix.csproj", "{8F2E0B4B-70D7-4177-AE34-5D2D1FC84700}"
EndProject
Project("{FAE04EC0-301F-11D3-BF4B-00C04F79EFBC}") = "VMF Explorer", "VMF Explorer\VMF Explorer.csproj", "{E006B732-07D0-4712-9C9C-1F0FF35A5932}"
EndProject
Project("{FAE04EC0-301F-11D3-BF4B-00C04F79EFBC}") = "AumpLib", "AumpLib\AumpLib.csproj", "{835109D9-CF56-4250-9F4C-1E9D6565BB11}"
EndProject
Project("{FAE04EC0-301F-11D3-BF4B-00C04F79EFBC}") = "NodeCS", "..\nodecs\NodeCS.csproj", "{21310134-5DAD-4266-BF59-84890BF6FF3C}"
EndProject
Project("{FAE04EC0-301F-11D3-BF4B-00C04F79EFBC}") = "SpecBack", "..\nodecs\specback\SpecBack.csproj", "{176C053B-D9D8-4016-B367-18A1F777786F}"
EndProject
Project("{FAE04EC0-301F-11D3-BF4B-00C04F79EFBC}") = "ErrorReportViewer", "ErrorReportViewer\ErrorReportViewer.csproj", "{B16C34B3-2A09-46E8-BFA4-994D49B5DA4E}"
EndProject
Global
	GlobalSection(SolutionConfigurationPlatforms) = preSolution
		Debug|Any CPU = Debug|Any CPU
		Debug|x86 = Debug|x86
		Release|Any CPU = Release|Any CPU
		Release|x86 = Release|x86
	EndGlobalSection
	GlobalSection(ProjectConfigurationPlatforms) = postSolution
		{09104D34-9DA0-48AB-BC1C-61F78D7171E9}.Debug|Any CPU.ActiveCfg = Debug|Any CPU
		{09104D34-9DA0-48AB-BC1C-61F78D7171E9}.Debug|Any CPU.Build.0 = Debug|Any CPU
		{09104D34-9DA0-48AB-BC1C-61F78D7171E9}.Debug|x86.ActiveCfg = Debug|x86
		{09104D34-9DA0-48AB-BC1C-61F78D7171E9}.Debug|x86.Build.0 = Debug|x86
		{09104D34-9DA0-48AB-BC1C-61F78D7171E9}.Release|Any CPU.ActiveCfg = Release|Any CPU
		{09104D34-9DA0-48AB-BC1C-61F78D7171E9}.Release|Any CPU.Build.0 = Release|Any CPU
		{09104D34-9DA0-48AB-BC1C-61F78D7171E9}.Release|x86.ActiveCfg = Release|x86
		{09104D34-9DA0-48AB-BC1C-61F78D7171E9}.Release|x86.Build.0 = Release|x86
		{D35E56E2-970D-4EE2-8C81-FE7E53EA1EC6}.Debug|Any CPU.ActiveCfg = Debug|Any CPU
		{D35E56E2-970D-4EE2-8C81-FE7E53EA1EC6}.Debug|Any CPU.Build.0 = Debug|Any CPU
		{D35E56E2-970D-4EE2-8C81-FE7E53EA1EC6}.Debug|x86.ActiveCfg = Debug|x86
		{D35E56E2-970D-4EE2-8C81-FE7E53EA1EC6}.Debug|x86.Build.0 = Debug|x86
		{D35E56E2-970D-4EE2-8C81-FE7E53EA1EC6}.Release|Any CPU.ActiveCfg = Release|Any CPU
		{D35E56E2-970D-4EE2-8C81-FE7E53EA1EC6}.Release|Any CPU.Build.0 = Release|Any CPU
		{D35E56E2-970D-4EE2-8C81-FE7E53EA1EC6}.Release|x86.ActiveCfg = Release|x86
		{D35E56E2-970D-4EE2-8C81-FE7E53EA1EC6}.Release|x86.Build.0 = Release|x86
		{610B3C04-C0AB-48CB-8821-17C0676E3FAE}.Debug|Any CPU.ActiveCfg = Debug|Any CPU
		{610B3C04-C0AB-48CB-8821-17C0676E3FAE}.Debug|Any CPU.Build.0 = Debug|Any CPU
		{610B3C04-C0AB-48CB-8821-17C0676E3FAE}.Debug|x86.ActiveCfg = Debug|x86
		{610B3C04-C0AB-48CB-8821-17C0676E3FAE}.Debug|x86.Build.0 = Debug|x86
		{610B3C04-C0AB-48CB-8821-17C0676E3FAE}.Release|Any CPU.ActiveCfg = Release|Any CPU
		{610B3C04-C0AB-48CB-8821-17C0676E3FAE}.Release|Any CPU.Build.0 = Release|Any CPU
		{610B3C04-C0AB-48CB-8821-17C0676E3FAE}.Release|x86.ActiveCfg = Release|x86
		{CA7A808B-BE80-47A7-B643-17352F6C2C52}.Debug|Any CPU.ActiveCfg = Debug|Any CPU
		{CA7A808B-BE80-47A7-B643-17352F6C2C52}.Debug|Any CPU.Build.0 = Debug|Any CPU
		{CA7A808B-BE80-47A7-B643-17352F6C2C52}.Debug|x86.ActiveCfg = Debug|x86
		{CA7A808B-BE80-47A7-B643-17352F6C2C52}.Debug|x86.Build.0 = Debug|x86
		{CA7A808B-BE80-47A7-B643-17352F6C2C52}.Release|Any CPU.ActiveCfg = Release|Any CPU
		{CA7A808B-BE80-47A7-B643-17352F6C2C52}.Release|Any CPU.Build.0 = Release|Any CPU
		{CA7A808B-BE80-47A7-B643-17352F6C2C52}.Release|x86.ActiveCfg = Release|x86
		{8665673E-0042-4B51-8B16-544145781B95}.Debug|Any CPU.ActiveCfg = Debug|Any CPU
		{8665673E-0042-4B51-8B16-544145781B95}.Debug|Any CPU.Build.0 = Debug|Any CPU
		{8665673E-0042-4B51-8B16-544145781B95}.Debug|x86.ActiveCfg = Debug|x86
		{8665673E-0042-4B51-8B16-544145781B95}.Debug|x86.Build.0 = Debug|x86
		{8665673E-0042-4B51-8B16-544145781B95}.Release|Any CPU.ActiveCfg = Release|Any CPU
		{8665673E-0042-4B51-8B16-544145781B95}.Release|Any CPU.Build.0 = Release|Any CPU
		{8665673E-0042-4B51-8B16-544145781B95}.Release|x86.ActiveCfg = Release|x86
		{8EBC31FF-2D8B-4163-8246-72A6B075A223}.Debug|Any CPU.ActiveCfg = Debug|Any CPU
		{8EBC31FF-2D8B-4163-8246-72A6B075A223}.Debug|Any CPU.Build.0 = Debug|Any CPU
		{8EBC31FF-2D8B-4163-8246-72A6B075A223}.Debug|x86.ActiveCfg = Debug|Any CPU
		{8EBC31FF-2D8B-4163-8246-72A6B075A223}.Debug|x86.Build.0 = Debug|Any CPU
		{8EBC31FF-2D8B-4163-8246-72A6B075A223}.Release|Any CPU.ActiveCfg = Release|Any CPU
		{8EBC31FF-2D8B-4163-8246-72A6B075A223}.Release|Any CPU.Build.0 = Release|Any CPU
		{8EBC31FF-2D8B-4163-8246-72A6B075A223}.Release|x86.ActiveCfg = Release|Any CPU
		{8B95250F-4CFC-4BC5-B939-87D932A18034}.Debug|Any CPU.ActiveCfg = Debug
		{8B95250F-4CFC-4BC5-B939-87D932A18034}.Debug|x86.ActiveCfg = Debug
		{8B95250F-4CFC-4BC5-B939-87D932A18034}.Release|Any CPU.ActiveCfg = Release
		{8B95250F-4CFC-4BC5-B939-87D932A18034}.Release|x86.ActiveCfg = Release
		{8F2E0B4B-70D7-4177-AE34-5D2D1FC84700}.Debug|Any CPU.ActiveCfg = Debug|Any CPU
		{8F2E0B4B-70D7-4177-AE34-5D2D1FC84700}.Debug|Any CPU.Build.0 = Debug|Any CPU
		{8F2E0B4B-70D7-4177-AE34-5D2D1FC84700}.Debug|x86.ActiveCfg = Debug|Any CPU
		{8F2E0B4B-70D7-4177-AE34-5D2D1FC84700}.Debug|x86.Build.0 = Debug|Any CPU
		{8F2E0B4B-70D7-4177-AE34-5D2D1FC84700}.Release|Any CPU.ActiveCfg = Release|Any CPU
		{8F2E0B4B-70D7-4177-AE34-5D2D1FC84700}.Release|Any CPU.Build.0 = Release|Any CPU
		{8F2E0B4B-70D7-4177-AE34-5D2D1FC84700}.Release|x86.ActiveCfg = Release|Any CPU
		{E006B732-07D0-4712-9C9C-1F0FF35A5932}.Debug|Any CPU.ActiveCfg = Debug|Any CPU
		{E006B732-07D0-4712-9C9C-1F0FF35A5932}.Debug|Any CPU.Build.0 = Debug|Any CPU
		{E006B732-07D0-4712-9C9C-1F0FF35A5932}.Debug|x86.ActiveCfg = Debug|Any CPU
		{E006B732-07D0-4712-9C9C-1F0FF35A5932}.Debug|x86.Build.0 = Debug|Any CPU
		{E006B732-07D0-4712-9C9C-1F0FF35A5932}.Release|Any CPU.ActiveCfg = Release|Any CPU
		{E006B732-07D0-4712-9C9C-1F0FF35A5932}.Release|Any CPU.Build.0 = Release|Any CPU
		{E006B732-07D0-4712-9C9C-1F0FF35A5932}.Release|x86.ActiveCfg = Release|Any CPU
		{835109D9-CF56-4250-9F4C-1E9D6565BB11}.Debug|Any CPU.ActiveCfg = Debug|Any CPU
		{835109D9-CF56-4250-9F4C-1E9D6565BB11}.Debug|Any CPU.Build.0 = Debug|Any CPU
		{835109D9-CF56-4250-9F4C-1E9D6565BB11}.Debug|x86.ActiveCfg = Debug|Any CPU
		{835109D9-CF56-4250-9F4C-1E9D6565BB11}.Release|Any CPU.ActiveCfg = Release|Any CPU
		{835109D9-CF56-4250-9F4C-1E9D6565BB11}.Release|Any CPU.Build.0 = Release|Any CPU
		{835109D9-CF56-4250-9F4C-1E9D6565BB11}.Release|x86.ActiveCfg = Release|Any CPU
		{21310134-5DAD-4266-BF59-84890BF6FF3C}.Debug|Any CPU.ActiveCfg = Debug|Any CPU
		{21310134-5DAD-4266-BF59-84890BF6FF3C}.Debug|Any CPU.Build.0 = Debug|Any CPU
		{21310134-5DAD-4266-BF59-84890BF6FF3C}.Debug|x86.ActiveCfg = Debug|Any CPU
		{21310134-5DAD-4266-BF59-84890BF6FF3C}.Release|Any CPU.ActiveCfg = Release|Any CPU
		{21310134-5DAD-4266-BF59-84890BF6FF3C}.Release|Any CPU.Build.0 = Release|Any CPU
		{21310134-5DAD-4266-BF59-84890BF6FF3C}.Release|x86.ActiveCfg = Release|Any CPU
		{176C053B-D9D8-4016-B367-18A1F777786F}.Debug|Any CPU.ActiveCfg = Debug|Any CPU
		{176C053B-D9D8-4016-B367-18A1F777786F}.Debug|Any CPU.Build.0 = Debug|Any CPU
		{176C053B-D9D8-4016-B367-18A1F777786F}.Debug|x86.ActiveCfg = Debug|Any CPU
		{176C053B-D9D8-4016-B367-18A1F777786F}.Release|Any CPU.ActiveCfg = Release|Any CPU
		{176C053B-D9D8-4016-B367-18A1F777786F}.Release|Any CPU.Build.0 = Release|Any CPU
		{176C053B-D9D8-4016-B367-18A1F777786F}.Release|x86.ActiveCfg = Release|Any CPU
		{B16C34B3-2A09-46E8-BFA4-994D49B5DA4E}.Debug|Any CPU.ActiveCfg = Debug|Any CPU
		{B16C34B3-2A09-46E8-BFA4-994D49B5DA4E}.Debug|Any CPU.Build.0 = Debug|Any CPU
		{B16C34B3-2A09-46E8-BFA4-994D49B5DA4E}.Debug|x86.ActiveCfg = Debug|Any CPU
		{B16C34B3-2A09-46E8-BFA4-994D49B5DA4E}.Debug|x86.Build.0 = Debug|Any CPU
		{B16C34B3-2A09-46E8-BFA4-994D49B5DA4E}.Release|Any CPU.ActiveCfg = Release|Any CPU
		{B16C34B3-2A09-46E8-BFA4-994D49B5DA4E}.Release|Any CPU.Build.0 = Release|Any CPU
		{B16C34B3-2A09-46E8-BFA4-994D49B5DA4E}.Release|x86.ActiveCfg = Release|Any CPU
	EndGlobalSection
	GlobalSection(SolutionProperties) = preSolution
		HideSolutionNode = FALSE
	EndGlobalSection
	GlobalSection(NestedProjects) = preSolution
		{D35E56E2-970D-4EE2-8C81-FE7E53EA1EC6} = {19DE8606-B731-4A85-B594-1055DD200E5E}
		{09104D34-9DA0-48AB-BC1C-61F78D7171E9} = {19DE8606-B731-4A85-B594-1055DD200E5E}
		{E006B732-07D0-4712-9C9C-1F0FF35A5932} = {19DE8606-B731-4A85-B594-1055DD200E5E}
		{835109D9-CF56-4250-9F4C-1E9D6565BB11} = {19DE8606-B731-4A85-B594-1055DD200E5E}
		{21310134-5DAD-4266-BF59-84890BF6FF3C} = {19DE8606-B731-4A85-B594-1055DD200E5E}
		{176C053B-D9D8-4016-B367-18A1F777786F} = {19DE8606-B731-4A85-B594-1055DD200E5E}
		{CA7A808B-BE80-47A7-B643-17352F6C2C52} = {79988244-BD24-4DCA-A522-3D95ECCAEE49}
		{8665673E-0042-4B51-8B16-544145781B95} = {79988244-BD24-4DCA-A522-3D95ECCAEE49}
		{610B3C04-C0AB-48CB-8821-17C0676E3FAE} = {79988244-BD24-4DCA-A522-3D95ECCAEE49}
		{8EBC31FF-2D8B-4163-8246-72A6B075A223} = {79988244-BD24-4DCA-A522-3D95ECCAEE49}
		{8F2E0B4B-70D7-4177-AE34-5D2D1FC84700} = {79988244-BD24-4DCA-A522-3D95ECCAEE49}
	EndGlobalSection
EndGlobal
